
Microsoft Visual Studio Solution File, Format Version 12.00
# Visual Studio Version 17
VisualStudioVersion = 17.5.002.0
MinimumVisualStudioVersion = 10.0.40219.1
Project("{9A19103F-16F7-4668-BE54-9A1E7A4F7556}") = "api", "api\api.csproj", "{CED37D37-3BB1-4746-B152-9211B0FC5523}"
EndProject
Global
	GlobalSection(SolutionConfigurationPlatforms) = preSolution
		Debug|Any CPU = Debug|Any CPU
		Release|Any CPU = Release|Any CPU
	EndGlobalSection
	GlobalSection(ProjectConfigurationPlatforms) = postSolution
		{CED37D37-3BB1-4746-B152-9211B0FC5523}.Debug|Any CPU.ActiveCfg = Debug|Any CPU
		{CED37D37-3BB1-4746-B152-9211B0FC5523}.Debug|Any CPU.Build.0 = Debug|Any CPU
		{CED37D37-3BB1-4746-B152-9211B0FC5523}.Release|Any CPU.ActiveCfg = Release|Any CPU
		{CED37D37-3BB1-4746-B152-9211B0FC5523}.Release|Any CPU.Build.0 = Release|Any CPU
	EndGlobalSection
	GlobalSection(SolutionProperties) = preSolution
		HideSolutionNode = FALSE
	EndGlobalSection
	GlobalSection(ExtensibilityGlobals) = postSolution
		SolutionGuid = {98C464FC-13C8-4B4E-83BD-3806E791AFE3}
	EndGlobalSection
EndGlobal
